// !$*UTF8*$!
{
	archiveVersion = 1;
	classes = {
	};
	objectVersion = 50;
	objects = {

/* Begin PBXBuildFile section */
		9AE314D82181A02000D534C5 /* PopUpViewController.swift in Sources */ = {isa = PBXBuildFile; fileRef = 9AE314C52181A02000D534C5 /* PopUpViewController.swift */; };
		9AE314D92181A02000D534C5 /* WebViewController.swift in Sources */ = {isa = PBXBuildFile; fileRef = 9AE314C62181A02000D534C5 /* WebViewController.swift */; };
		9AE314DA2181A02000D534C5 /* LaunchScreen.strings in Resources */ = {isa = PBXBuildFile; fileRef = 9AE314C92181A02000D534C5 /* LaunchScreen.strings */; };
		9AE314DB2181A02000D534C5 /* Main.strings in Resources */ = {isa = PBXBuildFile; fileRef = 9AE314CB2181A02000D534C5 /* Main.strings */; };
		9AE314DC2181A02000D534C5 /* Settings.bundle in Resources */ = {isa = PBXBuildFile; fileRef = 9AE314CD2181A02000D534C5 /* Settings.bundle */; };
		9AE314DD2181A02000D534C5 /* EdomiApplication.swift in Sources */ = {isa = PBXBuildFile; fileRef = 9AE314CE2181A02000D534C5 /* EdomiApplication.swift */; };
		9AE314DE2181A02000D534C5 /* Assets.xcassets in Resources */ = {isa = PBXBuildFile; fileRef = 9AE314CF2181A02000D534C5 /* Assets.xcassets */; };
		9AE314DF2181A02000D534C5 /* LaunchScreen.storyboard in Resources */ = {isa = PBXBuildFile; fileRef = 9AE314D02181A02000D534C5 /* LaunchScreen.storyboard */; };
		9AE314E02181A02000D534C5 /* Main.storyboard in Resources */ = {isa = PBXBuildFile; fileRef = 9AE314D22181A02000D534C5 /* Main.storyboard */; };
		9AE314E12181A02000D534C5 /* Extensions.swift in Sources */ = {isa = PBXBuildFile; fileRef = 9AE314D42181A02000D534C5 /* Extensions.swift */; };
		9AE314E22181A02000D534C5 /* AppDelegate.swift in Sources */ = {isa = PBXBuildFile; fileRef = 9AE314D52181A02000D534C5 /* AppDelegate.swift */; };
		9AE314E32181A02000D534C5 /* main.swift in Sources */ = {isa = PBXBuildFile; fileRef = 9AE314D62181A02000D534C5 /* main.swift */; };
		9AE314E42181A02000D534C5 /* SettingsBundleHelper.swift in Sources */ = {isa = PBXBuildFile; fileRef = 9AE314D72181A02000D534C5 /* SettingsBundleHelper.swift */; };
/* End PBXBuildFile section */

/* Begin PBXFileReference section */
		9AE314AF21819FC200D534C5 /* Edomi.app */ = {isa = PBXFileReference; explicitFileType = wrapper.application; includeInIndex = 0; path = Edomi.app; sourceTree = BUILT_PRODUCTS_DIR; };
		9AE314BE21819FC200D534C5 /* Info.plist */ = {isa = PBXFileReference; lastKnownFileType = text.plist.xml; path = Info.plist; sourceTree = "<group>"; };
		9AE314C52181A02000D534C5 /* PopUpViewController.swift */ = {isa = PBXFileReference; fileEncoding = 4; lastKnownFileType = sourcecode.swift; path = PopUpViewController.swift; sourceTree = "<group>"; };
		9AE314C62181A02000D534C5 /* WebViewController.swift */ = {isa = PBXFileReference; fileEncoding = 4; lastKnownFileType = sourcecode.swift; path = WebViewController.swift; sourceTree = "<group>"; };
		9AE314CA2181A02000D534C5 /* de */ = {isa = PBXFileReference; lastKnownFileType = text.plist.strings; name = de; path = de.lproj/LaunchScreen.strings; sourceTree = "<group>"; };
		9AE314CC2181A02000D534C5 /* de */ = {isa = PBXFileReference; lastKnownFileType = text.plist.strings; name = de; path = de.lproj/Main.strings; sourceTree = "<group>"; };
		9AE314CD2181A02000D534C5 /* Settings.bundle */ = {isa = PBXFileReference; lastKnownFileType = "wrapper.plug-in"; path = Settings.bundle; sourceTree = "<group>"; };
		9AE314CE2181A02000D534C5 /* EdomiApplication.swift */ = {isa = PBXFileReference; fileEncoding = 4; lastKnownFileType = sourcecode.swift; path = EdomiApplication.swift; sourceTree = "<group>"; };
		9AE314CF2181A02000D534C5 /* Assets.xcassets */ = {isa = PBXFileReference; lastKnownFileType = folder.assetcatalog; path = Assets.xcassets; sourceTree = "<group>"; };
		9AE314D12181A02000D534C5 /* Base */ = {isa = PBXFileReference; lastKnownFileType = file.storyboard; name = Base; path = Base.lproj/LaunchScreen.storyboard; sourceTree = "<group>"; };
		9AE314D32181A02000D534C5 /* Base */ = {isa = PBXFileReference; lastKnownFileType = file.storyboard; name = Base; path = Base.lproj/Main.storyboard; sourceTree = "<group>"; };
		9AE314D42181A02000D534C5 /* Extensions.swift */ = {isa = PBXFileReference; fileEncoding = 4; lastKnownFileType = sourcecode.swift; path = Extensions.swift; sourceTree = "<group>"; };
		9AE314D52181A02000D534C5 /* AppDelegate.swift */ = {isa = PBXFileReference; fileEncoding = 4; lastKnownFileType = sourcecode.swift; path = AppDelegate.swift; sourceTree = "<group>"; };
		9AE314D62181A02000D534C5 /* main.swift */ = {isa = PBXFileReference; fileEncoding = 4; lastKnownFileType = sourcecode.swift; path = main.swift; sourceTree = "<group>"; };
		9AE314D72181A02000D534C5 /* SettingsBundleHelper.swift */ = {isa = PBXFileReference; fileEncoding = 4; lastKnownFileType = sourcecode.swift; path = SettingsBundleHelper.swift; sourceTree = "<group>"; };
		9AE314E52181A0F800D534C5 /* README.md */ = {isa = PBXFileReference; lastKnownFileType = net.daringfireball.markdown; path = README.md; sourceTree = "<group>"; };
		9AE314E62181A4BF00D534C5 /* LICENSE.md */ = {isa = PBXFileReference; lastKnownFileType = net.daringfireball.markdown; path = LICENSE.md; sourceTree = "<group>"; };
/* End PBXFileReference section */

/* Begin PBXFrameworksBuildPhase section */
		9AE314AC21819FC200D534C5 /* Frameworks */ = {
			isa = PBXFrameworksBuildPhase;
			buildActionMask = 2147483647;
			files = (
			);
			runOnlyForDeploymentPostprocessing = 0;
		};
/* End PBXFrameworksBuildPhase section */

/* Begin PBXGroup section */
		9AE314A621819FC200D534C5 = {
			isa = PBXGroup;
			children = (
				9AE314E62181A4BF00D534C5 /* LICENSE.md */,
				9AE314E52181A0F800D534C5 /* README.md */,
				9AE314B121819FC200D534C5 /* Edomi */,
				9AE314B021819FC200D534C5 /* Products */,
			);
			sourceTree = "<group>";
		};
		9AE314B021819FC200D534C5 /* Products */ = {
			isa = PBXGroup;
			children = (
				9AE314AF21819FC200D534C5 /* Edomi.app */,
			);
			name = Products;
			sourceTree = "<group>";
		};
		9AE314B121819FC200D534C5 /* Edomi */ = {
			isa = PBXGroup;
			children = (
				9AE314C42181A02000D534C5 /* Controllers */,
				9AE314C82181A02000D534C5 /* SupportFiles */,
				9AE314C72181A02000D534C5 /* Views */,
				9AE314BE21819FC200D534C5 /* Info.plist */,
			);
			path = Edomi;
			sourceTree = "<group>";
		};
		9AE314C42181A02000D534C5 /* Controllers */ = {
			isa = PBXGroup;
			children = (
				9AE314C52181A02000D534C5 /* PopUpViewController.swift */,
				9AE314C62181A02000D534C5 /* WebViewController.swift */,
			);
			path = Controllers;
			sourceTree = "<group>";
		};
		9AE314C72181A02000D534C5 /* Views */ = {
			isa = PBXGroup;
			children = (
			);
			path = Views;
			sourceTree = "<group>";
		};
		9AE314C82181A02000D534C5 /* SupportFiles */ = {
			isa = PBXGroup;
			children = (
				9AE314C92181A02000D534C5 /* LaunchScreen.strings */,
				9AE314CB2181A02000D534C5 /* Main.strings */,
				9AE314CD2181A02000D534C5 /* Settings.bundle */,
				9AE314CE2181A02000D534C5 /* EdomiApplication.swift */,
				9AE314CF2181A02000D534C5 /* Assets.xcassets */,
				9AE314D02181A02000D534C5 /* LaunchScreen.storyboard */,
				9AE314D22181A02000D534C5 /* Main.storyboard */,
				9AE314D42181A02000D534C5 /* Extensions.swift */,
				9AE314D52181A02000D534C5 /* AppDelegate.swift */,
				9AE314D62181A02000D534C5 /* main.swift */,
				9AE314D72181A02000D534C5 /* SettingsBundleHelper.swift */,
			);
			path = SupportFiles;
			sourceTree = "<group>";
		};
/* End PBXGroup section */

/* Begin PBXNativeTarget section */
		9AE314AE21819FC200D534C5 /* Edomi */ = {
			isa = PBXNativeTarget;
			buildConfigurationList = 9AE314C121819FC200D534C5 /* Build configuration list for PBXNativeTarget "Edomi" */;
			buildPhases = (
				9AE314AB21819FC200D534C5 /* Sources */,
				9AE314AC21819FC200D534C5 /* Frameworks */,
				9AE314AD21819FC200D534C5 /* Resources */,
			);
			buildRules = (
			);
			dependencies = (
			);
			name = Edomi;
			productName = Edomi;
			productReference = 9AE314AF21819FC200D534C5 /* Edomi.app */;
			productType = "com.apple.product-type.application";
		};
/* End PBXNativeTarget section */

/* Begin PBXProject section */
		9AE314A721819FC200D534C5 /* Project object */ = {
			isa = PBXProject;
			attributes = {
				LastSwiftUpdateCheck = 1000;
				LastUpgradeCheck = 1000;
				ORGANIZATIONNAME = s01iD;
				TargetAttributes = {
					9AE314AE21819FC200D534C5 = {
						CreatedOnToolsVersion = 10.0;
					};
				};
			};
			buildConfigurationList = 9AE314AA21819FC200D534C5 /* Build configuration list for PBXProject "Edomi" */;
			compatibilityVersion = "Xcode 9.3";
			developmentRegion = en;
			hasScannedForEncodings = 0;
			knownRegions = (
				en,
				Base,
				de,
			);
			mainGroup = 9AE314A621819FC200D534C5;
			productRefGroup = 9AE314B021819FC200D534C5 /* Products */;
			projectDirPath = "";
			projectRoot = "";
			targets = (
				9AE314AE21819FC200D534C5 /* Edomi */,
			);
		};
/* End PBXProject section */

/* Begin PBXResourcesBuildPhase section */
		9AE314AD21819FC200D534C5 /* Resources */ = {
			isa = PBXResourcesBuildPhase;
			buildActionMask = 2147483647;
			files = (
				9AE314DA2181A02000D534C5 /* LaunchScreen.strings in Resources */,
				9AE314DC2181A02000D534C5 /* Settings.bundle in Resources */,
				9AE314DE2181A02000D534C5 /* Assets.xcassets in Resources */,
				9AE314E02181A02000D534C5 /* Main.storyboard in Resources */,
				9AE314DF2181A02000D534C5 /* LaunchScreen.storyboard in Resources */,
				9AE314DB2181A02000D534C5 /* Main.strings in Resources */,
			);
			runOnlyForDeploymentPostprocessing = 0;
		};
/* End PBXResourcesBuildPhase section */

/* Begin PBXSourcesBuildPhase section */
		9AE314AB21819FC200D534C5 /* Sources */ = {
			isa = PBXSourcesBuildPhase;
			buildActionMask = 2147483647;
			files = (
				9AE314E42181A02000D534C5 /* SettingsBundleHelper.swift in Sources */,
				9AE314DD2181A02000D534C5 /* EdomiApplication.swift in Sources */,
				9AE314D82181A02000D534C5 /* PopUpViewController.swift in Sources */,
				9AE314E32181A02000D534C5 /* main.swift in Sources */,
				9AE314D92181A02000D534C5 /* WebViewController.swift in Sources */,
				9AE314E22181A02000D534C5 /* AppDelegate.swift in Sources */,
				9AE314E12181A02000D534C5 /* Extensions.swift in Sources */,
			);
			runOnlyForDeploymentPostprocessing = 0;
		};
/* End PBXSourcesBuildPhase section */

/* Begin PBXVariantGroup section */
		9AE314C92181A02000D534C5 /* LaunchScreen.strings */ = {
			isa = PBXVariantGroup;
			children = (
				9AE314CA2181A02000D534C5 /* de */,
			);
			name = LaunchScreen.strings;
			sourceTree = "<group>";
		};
		9AE314CB2181A02000D534C5 /* Main.strings */ = {
			isa = PBXVariantGroup;
			children = (
				9AE314CC2181A02000D534C5 /* de */,
			);
			name = Main.strings;
			sourceTree = "<group>";
		};
		9AE314D02181A02000D534C5 /* LaunchScreen.storyboard */ = {
			isa = PBXVariantGroup;
			children = (
				9AE314D12181A02000D534C5 /* Base */,
			);
			name = LaunchScreen.storyboard;
			sourceTree = "<group>";
		};
		9AE314D22181A02000D534C5 /* Main.storyboard */ = {
			isa = PBXVariantGroup;
			children = (
				9AE314D32181A02000D534C5 /* Base */,
			);
			name = Main.storyboard;
			sourceTree = "<group>";
		};
/* End PBXVariantGroup section */

/* Begin XCBuildConfiguration section */
		9AE314BF21819FC200D534C5 /* Debug */ = {
			isa = XCBuildConfiguration;
			buildSettings = {
				ALWAYS_SEARCH_USER_PATHS = NO;
				CLANG_ANALYZER_NONNULL = YES;
				CLANG_ANALYZER_NUMBER_OBJECT_CONVERSION = YES_AGGRESSIVE;
				CLANG_CXX_LANGUAGE_STANDARD = "gnu++14";
				CLANG_CXX_LIBRARY = "libc++";
				CLANG_ENABLE_MODULES = YES;
				CLANG_ENABLE_OBJC_ARC = YES;
				CLANG_ENABLE_OBJC_WEAK = YES;
				CLANG_WARN_BLOCK_CAPTURE_AUTORELEASING = YES;
				CLANG_WARN_BOOL_CONVERSION = YES;
				CLANG_WARN_COMMA = YES;
				CLANG_WARN_CONSTANT_CONVERSION = YES;
				CLANG_WARN_DEPRECATED_OBJC_IMPLEMENTATIONS = YES;
				CLANG_WARN_DIRECT_OBJC_ISA_USAGE = YES_ERROR;
				CLANG_WARN_DOCUMENTATION_COMMENTS = YES;
				CLANG_WARN_EMPTY_BODY = YES;
				CLANG_WARN_ENUM_CONVERSION = YES;
				CLANG_WARN_INFINITE_RECURSION = YES;
				CLANG_WARN_INT_CONVERSION = YES;
				CLANG_WARN_NON_LITERAL_NULL_CONVERSION = YES;
				CLANG_WARN_OBJC_IMPLICIT_RETAIN_SELF = YES;
				CLANG_WARN_OBJC_LITERAL_CONVERSION = YES;
				CLANG_WARN_OBJC_ROOT_CLASS = YES_ERROR;
				CLANG_WARN_RANGE_LOOP_ANALYSIS = YES;
				CLANG_WARN_STRICT_PROTOTYPES = YES;
				CLANG_WARN_SUSPICIOUS_MOVE = YES;
				CLANG_WARN_UNGUARDED_AVAILABILITY = YES_AGGRESSIVE;
				CLANG_WARN_UNREACHABLE_CODE = YES;
				CLANG_WARN__DUPLICATE_METHOD_MATCH = YES;
				CODE_SIGN_IDENTITY = "iPhone Developer";
				COPY_PHASE_STRIP = NO;
				DEBUG_INFORMATION_FORMAT = dwarf;
				ENABLE_STRICT_OBJC_MSGSEND = YES;
				ENABLE_TESTABILITY = YES;
				GCC_C_LANGUAGE_STANDARD = gnu11;
				GCC_DYNAMIC_NO_PIC = NO;
				GCC_NO_COMMON_BLOCKS = YES;
				GCC_OPTIMIZATION_LEVEL = 0;
				GCC_PREPROCESSOR_DEFINITIONS = (
					"DEBUG=1",
					"$(inherited)",
				);
				GCC_WARN_64_TO_32_BIT_CONVERSION = YES;
				GCC_WARN_ABOUT_RETURN_TYPE = YES_ERROR;
				GCC_WARN_UNDECLARED_SELECTOR = YES;
				GCC_WARN_UNINITIALIZED_AUTOS = YES_AGGRESSIVE;
				GCC_WARN_UNUSED_FUNCTION = YES;
				GCC_WARN_UNUSED_VARIABLE = YES;
				IPHONEOS_DEPLOYMENT_TARGET = 12.0;
				MTL_ENABLE_DEBUG_INFO = INCLUDE_SOURCE;
				MTL_FAST_MATH = YES;
				ONLY_ACTIVE_ARCH = YES;
				SDKROOT = iphoneos;
				SWIFT_ACTIVE_COMPILATION_CONDITIONS = DEBUG;
				SWIFT_OPTIMIZATION_LEVEL = "-Onone";
			};
			name = Debug;
		};
		9AE314C021819FC200D534C5 /* Release */ = {
			isa = XCBuildConfiguration;
			buildSettings = {
				ALWAYS_SEARCH_USER_PATHS = NO;
				CLANG_ANALYZER_NONNULL = YES;
				CLANG_ANALYZER_NUMBER_OBJECT_CONVERSION = YES_AGGRESSIVE;
				CLANG_CXX_LANGUAGE_STANDARD = "gnu++14";
				CLANG_CXX_LIBRARY = "libc++";
				CLANG_ENABLE_MODULES = YES;
				CLANG_ENABLE_OBJC_ARC = YES;
				CLANG_ENABLE_OBJC_WEAK = YES;
				CLANG_WARN_BLOCK_CAPTURE_AUTORELEASING = YES;
				CLANG_WARN_BOOL_CONVERSION = YES;
				CLANG_WARN_COMMA = YES;
				CLANG_WARN_CONSTANT_CONVERSION = YES;
				CLANG_WARN_DEPRECATED_OBJC_IMPLEMENTATIONS = YES;
				CLANG_WARN_DIRECT_OBJC_ISA_USAGE = YES_ERROR;
				CLANG_WARN_DOCUMENTATION_COMMENTS = YES;
				CLANG_WARN_EMPTY_BODY = YES;
				CLANG_WARN_ENUM_CONVERSION = YES;
				CLANG_WARN_INFINITE_RECURSION = YES;
				CLANG_WARN_INT_CONVERSION = YES;
				CLANG_WARN_NON_LITERAL_NULL_CONVERSION = YES;
				CLANG_WARN_OBJC_IMPLICIT_RETAIN_SELF = YES;
				CLANG_WARN_OBJC_LITERAL_CONVERSION = YES;
				CLANG_WARN_OBJC_ROOT_CLASS = YES_ERROR;
				CLANG_WARN_RANGE_LOOP_ANALYSIS = YES;
				CLANG_WARN_STRICT_PROTOTYPES = YES;
				CLANG_WARN_SUSPICIOUS_MOVE = YES;
				CLANG_WARN_UNGUARDED_AVAILABILITY = YES_AGGRESSIVE;
				CLANG_WARN_UNREACHABLE_CODE = YES;
				CLANG_WARN__DUPLICATE_METHOD_MATCH = YES;
				CODE_SIGN_IDENTITY = "iPhone Developer";
				COPY_PHASE_STRIP = NO;
				DEBUG_INFORMATION_FORMAT = "dwarf-with-dsym";
				ENABLE_NS_ASSERTIONS = NO;
				ENABLE_STRICT_OBJC_MSGSEND = YES;
				GCC_C_LANGUAGE_STANDARD = gnu11;
				GCC_NO_COMMON_BLOCKS = YES;
				GCC_WARN_64_TO_32_BIT_CONVERSION = YES;
				GCC_WARN_ABOUT_RETURN_TYPE = YES_ERROR;
				GCC_WARN_UNDECLARED_SELECTOR = YES;
				GCC_WARN_UNINITIALIZED_AUTOS = YES_AGGRESSIVE;
				GCC_WARN_UNUSED_FUNCTION = YES;
				GCC_WARN_UNUSED_VARIABLE = YES;
				IPHONEOS_DEPLOYMENT_TARGET = 12.0;
				MTL_ENABLE_DEBUG_INFO = NO;
				MTL_FAST_MATH = YES;
				SDKROOT = iphoneos;
				SWIFT_COMPILATION_MODE = wholemodule;
				SWIFT_OPTIMIZATION_LEVEL = "-O";
				VALIDATE_PRODUCT = YES;
			};
			name = Release;
		};
		9AE314C221819FC200D534C5 /* Debug */ = {
			isa = XCBuildConfiguration;
			buildSettings = {
				ASSETCATALOG_COMPILER_APPICON_NAME = AppIcon;
				CODE_SIGN_STYLE = Automatic;
				DEVELOPMENT_TEAM = N23Q4R5H7Z;
				INFOPLIST_FILE = Edomi/Info.plist;
				LD_RUNPATH_SEARCH_PATHS = (
					"$(inherited)",
					"@executable_path/Frameworks",
				);
				PRODUCT_BUNDLE_IDENTIFIER = de.s01iD.Edomi;
				PRODUCT_NAME = "$(TARGET_NAME)";
				SWIFT_VERSION = 4.2;
				TARGETED_DEVICE_FAMILY = "1,2";
			};
			name = Debug;
		};
		9AE314C321819FC200D534C5 /* Release */ = {
			isa = XCBuildConfiguration;
			buildSettings = {
				ASSETCATALOG_COMPILER_APPICON_NAME = AppIcon;
				CODE_SIGN_STYLE = Automatic;
				DEVELOPMENT_TEAM = N23Q4R5H7Z;
				INFOPLIST_FILE = Edomi/Info.plist;
				LD_RUNPATH_SEARCH_PATHS = (
					"$(inherited)",
					"@executable_path/Frameworks",
				);
				PRODUCT_BUNDLE_IDENTIFIER = de.s01iD.Edomi;
				PRODUCT_NAME = "$(TARGET_NAME)";
				SWIFT_VERSION = 4.2;
				TARGETED_DEVICE_FAMILY = "1,2";
			};
			name = Release;
		};
/* End XCBuildConfiguration section */

/* Begin XCConfigurationList section */
		9AE314AA21819FC200D534C5 /* Build configuration list for PBXProject "Edomi" */ = {
			isa = XCConfigurationList;
			buildConfigurations = (
				9AE314BF21819FC200D534C5 /* Debug */,
				9AE314C021819FC200D534C5 /* Release */,
			);
			defaultConfigurationIsVisible = 0;
			defaultConfigurationName = Release;
		};
		9AE314C121819FC200D534C5 /* Build configuration list for PBXNativeTarget "Edomi" */ = {
			isa = XCConfigurationList;
			buildConfigurations = (
				9AE314C221819FC200D534C5 /* Debug */,
				9AE314C321819FC200D534C5 /* Release */,
			);
			defaultConfigurationIsVisible = 0;
			defaultConfigurationName = Release;
		};
/* End XCConfigurationList section */
	};
	rootObject = 9AE314A721819FC200D534C5 /* Project object */;
}
